// !$*UTF8*$!
{
	archiveVersion = 1;
	classes = {
	};
	objectVersion = 56;
	objects = {

/* Begin PBXBuildFile section */
		5C3F549D2C8EE532006BC2F4 /* MainScreenRouter.swift in Sources */ = {isa = PBXBuildFile; fileRef = 5C3F549C2C8EE532006BC2F4 /* MainScreenRouter.swift */; };
		5C3F54A12C8EE5F1006BC2F4 /* MainRouterImpl.swift in Sources */ = {isa = PBXBuildFile; fileRef = 5C3F54A02C8EE5F1006BC2F4 /* MainRouterImpl.swift */; };
		5C3F54A32C8EE6B3006BC2F4 /* MainScreenContentView.swift in Sources */ = {isa = PBXBuildFile; fileRef = 5C3F54A22C8EE6B3006BC2F4 /* MainScreenContentView.swift */; };
		5C3F54A52C8EE703006BC2F4 /* MainScreenView.swift in Sources */ = {isa = PBXBuildFile; fileRef = 5C3F54A42C8EE703006BC2F4 /* MainScreenView.swift */; };
		5C3F54A72C8EE749006BC2F4 /* MainScreenInteractor.swift in Sources */ = {isa = PBXBuildFile; fileRef = 5C3F54A62C8EE749006BC2F4 /* MainScreenInteractor.swift */; };
		5C3F54A92C8EE764006BC2F4 /* MainScreenInteractorImpl.swift in Sources */ = {isa = PBXBuildFile; fileRef = 5C3F54A82C8EE764006BC2F4 /* MainScreenInteractorImpl.swift */; };
		5C3F54AB2C8EE784006BC2F4 /* MainScreenPresenter.swift in Sources */ = {isa = PBXBuildFile; fileRef = 5C3F54AA2C8EE784006BC2F4 /* MainScreenPresenter.swift */; };
		5C3F54AD2C8EE7BC006BC2F4 /* MainScreenPresenterImpl.swift in Sources */ = {isa = PBXBuildFile; fileRef = 5C3F54AC2C8EE7BC006BC2F4 /* MainScreenPresenterImpl.swift */; };
		5C3F54AF2C8EE7E2006BC2F4 /* MainScreenEntity.swift in Sources */ = {isa = PBXBuildFile; fileRef = 5C3F54AE2C8EE7E2006BC2F4 /* MainScreenEntity.swift */; };
		5C68703F2C8EDB95004A6A40 /* AppDelegate.swift in Sources */ = {isa = PBXBuildFile; fileRef = 5C68703E2C8EDB95004A6A40 /* AppDelegate.swift */; };
		5C6870412C8EDB95004A6A40 /* SceneDelegate.swift in Sources */ = {isa = PBXBuildFile; fileRef = 5C6870402C8EDB95004A6A40 /* SceneDelegate.swift */; };
		5C6870432C8EDB95004A6A40 /* MainScreenViewController.swift in Sources */ = {isa = PBXBuildFile; fileRef = 5C6870422C8EDB95004A6A40 /* MainScreenViewController.swift */; };
		5C6870482C8EDB96004A6A40 /* Assets.xcassets in Resources */ = {isa = PBXBuildFile; fileRef = 5C6870472C8EDB96004A6A40 /* Assets.xcassets */; };
		5C68704B2C8EDB96004A6A40 /* LaunchScreen.storyboard in Resources */ = {isa = PBXBuildFile; fileRef = 5C6870492C8EDB96004A6A40 /* LaunchScreen.storyboard */; };
		5C8D637A2C8F010F00CFF338 /* MainScreenCustomCell.swift in Sources */ = {isa = PBXBuildFile; fileRef = 5C8D63792C8F010F00CFF338 /* MainScreenCustomCell.swift */; };
		5CE63E8E2C904FE6006A5C0E /* MainScreenResponse.swift in Sources */ = {isa = PBXBuildFile; fileRef = 5CE63E8D2C904FE6006A5C0E /* MainScreenResponse.swift */; };
		5CE63E912C90536A006A5C0E /* NetworkManager.swift in Sources */ = {isa = PBXBuildFile; fileRef = 5CE63E902C90536A006A5C0E /* NetworkManager.swift */; };
		5CE63E932C90553B006A5C0E /* NetworkDataFetcher.swift in Sources */ = {isa = PBXBuildFile; fileRef = 5CE63E922C90553B006A5C0E /* NetworkDataFetcher.swift */; };
		5CE63E962C905A08006A5C0E /* ImageDownloader.swift in Sources */ = {isa = PBXBuildFile; fileRef = 5CE63E952C905A08006A5C0E /* ImageDownloader.swift */; };
/* End PBXBuildFile section */

/* Begin PBXFileReference section */
		5C3F549C2C8EE532006BC2F4 /* MainScreenRouter.swift */ = {isa = PBXFileReference; lastKnownFileType = sourcecode.swift; path = MainScreenRouter.swift; sourceTree = "<group>"; };
		5C3F54A02C8EE5F1006BC2F4 /* MainRouterImpl.swift */ = {isa = PBXFileReference; lastKnownFileType = sourcecode.swift; path = MainRouterImpl.swift; sourceTree = "<group>"; };
		5C3F54A22C8EE6B3006BC2F4 /* MainScreenContentView.swift */ = {isa = PBXFileReference; lastKnownFileType = sourcecode.swift; path = MainScreenContentView.swift; sourceTree = "<group>"; };
		5C3F54A42C8EE703006BC2F4 /* MainScreenView.swift */ = {isa = PBXFileReference; lastKnownFileType = sourcecode.swift; path = MainScreenView.swift; sourceTree = "<group>"; };
		5C3F54A62C8EE749006BC2F4 /* MainScreenInteractor.swift */ = {isa = PBXFileReference; lastKnownFileType = sourcecode.swift; path = MainScreenInteractor.swift; sourceTree = "<group>"; };
		5C3F54A82C8EE764006BC2F4 /* MainScreenInteractorImpl.swift */ = {isa = PBXFileReference; lastKnownFileType = sourcecode.swift; path = MainScreenInteractorImpl.swift; sourceTree = "<group>"; };
		5C3F54AA2C8EE784006BC2F4 /* MainScreenPresenter.swift */ = {isa = PBXFileReference; lastKnownFileType = sourcecode.swift; path = MainScreenPresenter.swift; sourceTree = "<group>"; };
		5C3F54AC2C8EE7BC006BC2F4 /* MainScreenPresenterImpl.swift */ = {isa = PBXFileReference; lastKnownFileType = sourcecode.swift; path = MainScreenPresenterImpl.swift; sourceTree = "<group>"; };
		5C3F54AE2C8EE7E2006BC2F4 /* MainScreenEntity.swift */ = {isa = PBXFileReference; lastKnownFileType = sourcecode.swift; path = MainScreenEntity.swift; sourceTree = "<group>"; };
		5C68703B2C8EDB95004A6A40 /* WeatherApp.app */ = {isa = PBXFileReference; explicitFileType = wrapper.application; includeInIndex = 0; path = WeatherApp.app; sourceTree = BUILT_PRODUCTS_DIR; };
		5C68703E2C8EDB95004A6A40 /* AppDelegate.swift */ = {isa = PBXFileReference; lastKnownFileType = sourcecode.swift; path = AppDelegate.swift; sourceTree = "<group>"; };
		5C6870402C8EDB95004A6A40 /* SceneDelegate.swift */ = {isa = PBXFileReference; lastKnownFileType = sourcecode.swift; path = SceneDelegate.swift; sourceTree = "<group>"; };
		5C6870422C8EDB95004A6A40 /* MainScreenViewController.swift */ = {isa = PBXFileReference; lastKnownFileType = sourcecode.swift; path = MainScreenViewController.swift; sourceTree = "<group>"; };
		5C6870472C8EDB96004A6A40 /* Assets.xcassets */ = {isa = PBXFileReference; lastKnownFileType = folder.assetcatalog; path = Assets.xcassets; sourceTree = "<group>"; };
		5C68704A2C8EDB96004A6A40 /* Base */ = {isa = PBXFileReference; lastKnownFileType = file.storyboard; name = Base; path = Base.lproj/LaunchScreen.storyboard; sourceTree = "<group>"; };
		5C68704C2C8EDB96004A6A40 /* Info.plist */ = {isa = PBXFileReference; lastKnownFileType = text.plist.xml; path = Info.plist; sourceTree = "<group>"; };
		5C8D63792C8F010F00CFF338 /* MainScreenCustomCell.swift */ = {isa = PBXFileReference; lastKnownFileType = sourcecode.swift; path = MainScreenCustomCell.swift; sourceTree = "<group>"; };
		5CE63E8D2C904FE6006A5C0E /* MainScreenResponse.swift */ = {isa = PBXFileReference; lastKnownFileType = sourcecode.swift; path = MainScreenResponse.swift; sourceTree = "<group>"; };
		5CE63E902C90536A006A5C0E /* NetworkManager.swift */ = {isa = PBXFileReference; lastKnownFileType = sourcecode.swift; path = NetworkManager.swift; sourceTree = "<group>"; };
		5CE63E922C90553B006A5C0E /* NetworkDataFetcher.swift */ = {isa = PBXFileReference; lastKnownFileType = sourcecode.swift; path = NetworkDataFetcher.swift; sourceTree = "<group>"; };
		5CE63E952C905A08006A5C0E /* ImageDownloader.swift */ = {isa = PBXFileReference; lastKnownFileType = sourcecode.swift; path = ImageDownloader.swift; sourceTree = "<group>"; };
/* End PBXFileReference section */

/* Begin PBXFrameworksBuildPhase section */
		5C6870382C8EDB95004A6A40 /* Frameworks */ = {
			isa = PBXFrameworksBuildPhase;
			buildActionMask = 2147483647;
			files = (
			);
			runOnlyForDeploymentPostprocessing = 0;
		};
/* End PBXFrameworksBuildPhase section */

/* Begin PBXGroup section */
		5C3F54972C8EE332006BC2F4 /* View */ = {
			isa = PBXGroup;
			children = (
				5C6870422C8EDB95004A6A40 /* MainScreenViewController.swift */,
				5C3F54A22C8EE6B3006BC2F4 /* MainScreenContentView.swift */,
				5C8D63792C8F010F00CFF338 /* MainScreenCustomCell.swift */,
				5C3F54A42C8EE703006BC2F4 /* MainScreenView.swift */,
			);
			path = View;
			sourceTree = "<group>";
		};
		5C3F54982C8EE33C006BC2F4 /* Interactor */ = {
			isa = PBXGroup;
			children = (
				5C3F54A62C8EE749006BC2F4 /* MainScreenInteractor.swift */,
				5C3F54A82C8EE764006BC2F4 /* MainScreenInteractorImpl.swift */,
			);
			path = Interactor;
			sourceTree = "<group>";
		};
		5C3F54992C8EE34B006BC2F4 /* Presenter */ = {
			isa = PBXGroup;
			children = (
				5C3F54AA2C8EE784006BC2F4 /* MainScreenPresenter.swift */,
				5C3F54AC2C8EE7BC006BC2F4 /* MainScreenPresenterImpl.swift */,
			);
			path = Presenter;
			sourceTree = "<group>";
		};
		5C3F549A2C8EE354006BC2F4 /* Entity */ = {
			isa = PBXGroup;
			children = (
				5C3F54AE2C8EE7E2006BC2F4 /* MainScreenEntity.swift */,
				5CE63E8D2C904FE6006A5C0E /* MainScreenResponse.swift */,
			);
			path = Entity;
			sourceTree = "<group>";
		};
		5C3F549B2C8EE35E006BC2F4 /* Router */ = {
			isa = PBXGroup;
			children = (
			);
			path = Router;
			sourceTree = "<group>";
		};
		5C3F549E2C8EE57E006BC2F4 /* MainScreen */ = {
			isa = PBXGroup;
			children = (
				5C3F54972C8EE332006BC2F4 /* View */,
				5C3F54982C8EE33C006BC2F4 /* Interactor */,
				5C3F54992C8EE34B006BC2F4 /* Presenter */,
				5C3F549A2C8EE354006BC2F4 /* Entity */,
				5C3F549B2C8EE35E006BC2F4 /* Router */,
			);
			path = MainScreen;
			sourceTree = "<group>";
		};
		5C3F549F2C8EE5D4006BC2F4 /* MainRouter */ = {
			isa = PBXGroup;
			children = (
				5C3F549C2C8EE532006BC2F4 /* MainScreenRouter.swift */,
				5C3F54A02C8EE5F1006BC2F4 /* MainRouterImpl.swift */,
			);
			path = MainRouter;
			sourceTree = "<group>";
		};
		5C6870322C8EDB95004A6A40 = {
			isa = PBXGroup;
			children = (
				5C68703D2C8EDB95004A6A40 /* WeatherApp */,
				5C68703C2C8EDB95004A6A40 /* Products */,
			);
			sourceTree = "<group>";
		};
		5C68703C2C8EDB95004A6A40 /* Products */ = {
			isa = PBXGroup;
			children = (
				5C68703B2C8EDB95004A6A40 /* WeatherApp.app */,
			);
			name = Products;
			sourceTree = "<group>";
		};
		5C68703D2C8EDB95004A6A40 /* WeatherApp */ = {
			isa = PBXGroup;
			children = (
				5CE63E942C9059DF006A5C0E /* SupportingFiles */,
				5CE63E8F2C905342006A5C0E /* Services */,
				5C3F549F2C8EE5D4006BC2F4 /* MainRouter */,
				5C3F549E2C8EE57E006BC2F4 /* MainScreen */,
				5C68703E2C8EDB95004A6A40 /* AppDelegate.swift */,
				5C6870402C8EDB95004A6A40 /* SceneDelegate.swift */,
				5C6870472C8EDB96004A6A40 /* Assets.xcassets */,
				5C6870492C8EDB96004A6A40 /* LaunchScreen.storyboard */,
				5C68704C2C8EDB96004A6A40 /* Info.plist */,
			);
			path = WeatherApp;
			sourceTree = "<group>";
		};
		5CE63E8F2C905342006A5C0E /* Services */ = {
			isa = PBXGroup;
			children = (
				5CE63E902C90536A006A5C0E /* NetworkManager.swift */,
				5CE63E922C90553B006A5C0E /* NetworkDataFetcher.swift */,
			);
			path = Services;
			sourceTree = "<group>";
		};
		5CE63E942C9059DF006A5C0E /* SupportingFiles */ = {
			isa = PBXGroup;
			children = (
				5CE63E952C905A08006A5C0E /* ImageDownloader.swift */,
			);
			path = SupportingFiles;
			sourceTree = "<group>";
		};
/* End PBXGroup section */

/* Begin PBXNativeTarget section */
		5C68703A2C8EDB95004A6A40 /* WeatherApp */ = {
			isa = PBXNativeTarget;
			buildConfigurationList = 5C68704F2C8EDB96004A6A40 /* Build configuration list for PBXNativeTarget "WeatherApp" */;
			buildPhases = (
				5C6870372C8EDB95004A6A40 /* Sources */,
				5C6870382C8EDB95004A6A40 /* Frameworks */,
				5C6870392C8EDB95004A6A40 /* Resources */,
			);
			buildRules = (
			);
			dependencies = (
			);
			name = WeatherApp;
			productName = WeatherApp;
			productReference = 5C68703B2C8EDB95004A6A40 /* WeatherApp.app */;
			productType = "com.apple.product-type.application";
		};
/* End PBXNativeTarget section */

/* Begin PBXProject section */
		5C6870332C8EDB95004A6A40 /* Project object */ = {
			isa = PBXProject;
			attributes = {
				BuildIndependentTargetsInParallel = 1;
				LastSwiftUpdateCheck = 1500;
				LastUpgradeCheck = 1500;
				TargetAttributes = {
					5C68703A2C8EDB95004A6A40 = {
						CreatedOnToolsVersion = 15.0.1;
					};
				};
			};
			buildConfigurationList = 5C6870362C8EDB95004A6A40 /* Build configuration list for PBXProject "WeatherApp" */;
			compatibilityVersion = "Xcode 14.0";
			developmentRegion = en;
			hasScannedForEncodings = 0;
			knownRegions = (
				en,
				Base,
			);
			mainGroup = 5C6870322C8EDB95004A6A40;
			productRefGroup = 5C68703C2C8EDB95004A6A40 /* Products */;
			projectDirPath = "";
			projectRoot = "";
			targets = (
				5C68703A2C8EDB95004A6A40 /* WeatherApp */,
			);
		};
/* End PBXProject section */

/* Begin PBXResourcesBuildPhase section */
		5C6870392C8EDB95004A6A40 /* Resources */ = {
			isa = PBXResourcesBuildPhase;
			buildActionMask = 2147483647;
			files = (
				5C68704B2C8EDB96004A6A40 /* LaunchScreen.storyboard in Resources */,
				5C6870482C8EDB96004A6A40 /* Assets.xcassets in Resources */,
			);
			runOnlyForDeploymentPostprocessing = 0;
		};
/* End PBXResourcesBuildPhase section */

/* Begin PBXSourcesBuildPhase section */
		5C6870372C8EDB95004A6A40 /* Sources */ = {
			isa = PBXSourcesBuildPhase;
			buildActionMask = 2147483647;
			files = (
				5C6870432C8EDB95004A6A40 /* MainScreenViewController.swift in Sources */,
				5C3F54A32C8EE6B3006BC2F4 /* MainScreenContentView.swift in Sources */,
				5C3F54A92C8EE764006BC2F4 /* MainScreenInteractorImpl.swift in Sources */,
				5C3F54A52C8EE703006BC2F4 /* MainScreenView.swift in Sources */,
				5C8D637A2C8F010F00CFF338 /* MainScreenCustomCell.swift in Sources */,
				5C68703F2C8EDB95004A6A40 /* AppDelegate.swift in Sources */,
				5C6870412C8EDB95004A6A40 /* SceneDelegate.swift in Sources */,
				5CE63E8E2C904FE6006A5C0E /* MainScreenResponse.swift in Sources */,
				5CE63E932C90553B006A5C0E /* NetworkDataFetcher.swift in Sources */,
				5C3F54A72C8EE749006BC2F4 /* MainScreenInteractor.swift in Sources */,
				5CE63E962C905A08006A5C0E /* ImageDownloader.swift in Sources */,
				5C3F54AF2C8EE7E2006BC2F4 /* MainScreenEntity.swift in Sources */,
				5C3F54AB2C8EE784006BC2F4 /* MainScreenPresenter.swift in Sources */,
				5C3F54AD2C8EE7BC006BC2F4 /* MainScreenPresenterImpl.swift in Sources */,
				5CE63E912C90536A006A5C0E /* NetworkManager.swift in Sources */,
				5C3F54A12C8EE5F1006BC2F4 /* MainRouterImpl.swift in Sources */,
				5C3F549D2C8EE532006BC2F4 /* MainScreenRouter.swift in Sources */,
			);
			runOnlyForDeploymentPostprocessing = 0;
		};
/* End PBXSourcesBuildPhase section */

/* Begin PBXVariantGroup section */
		5C6870492C8EDB96004A6A40 /* LaunchScreen.storyboard */ = {
			isa = PBXVariantGroup;
			children = (
				5C68704A2C8EDB96004A6A40 /* Base */,
			);
			name = LaunchScreen.storyboard;
			sourceTree = "<group>";
		};
/* End PBXVariantGroup section */

/* Begin XCBuildConfiguration section */
		5C68704D2C8EDB96004A6A40 /* Debug */ = {
			isa = XCBuildConfiguration;
			buildSettings = {
				ALWAYS_SEARCH_USER_PATHS = NO;
				ASSETCATALOG_COMPILER_GENERATE_SWIFT_ASSET_SYMBOL_EXTENSIONS = YES;
				CLANG_ANALYZER_NONNULL = YES;
				CLANG_ANALYZER_NUMBER_OBJECT_CONVERSION = YES_AGGRESSIVE;
				CLANG_CXX_LANGUAGE_STANDARD = "gnu++20";
				CLANG_ENABLE_MODULES = YES;
				CLANG_ENABLE_OBJC_ARC = YES;
				CLANG_ENABLE_OBJC_WEAK = YES;
				CLANG_WARN_BLOCK_CAPTURE_AUTORELEASING = YES;
				CLANG_WARN_BOOL_CONVERSION = YES;
				CLANG_WARN_COMMA = YES;
				CLANG_WARN_CONSTANT_CONVERSION = YES;
				CLANG_WARN_DEPRECATED_OBJC_IMPLEMENTATIONS = YES;
				CLANG_WARN_DIRECT_OBJC_ISA_USAGE = YES_ERROR;
				CLANG_WARN_DOCUMENTATION_COMMENTS = YES;
				CLANG_WARN_EMPTY_BODY = YES;
				CLANG_WARN_ENUM_CONVERSION = YES;
				CLANG_WARN_INFINITE_RECURSION = YES;
				CLANG_WARN_INT_CONVERSION = YES;
				CLANG_WARN_NON_LITERAL_NULL_CONVERSION = YES;
				CLANG_WARN_OBJC_IMPLICIT_RETAIN_SELF = YES;
				CLANG_WARN_OBJC_LITERAL_CONVERSION = YES;
				CLANG_WARN_OBJC_ROOT_CLASS = YES_ERROR;
				CLANG_WARN_QUOTED_INCLUDE_IN_FRAMEWORK_HEADER = YES;
				CLANG_WARN_RANGE_LOOP_ANALYSIS = YES;
				CLANG_WARN_STRICT_PROTOTYPES = YES;
				CLANG_WARN_SUSPICIOUS_MOVE = YES;
				CLANG_WARN_UNGUARDED_AVAILABILITY = YES_AGGRESSIVE;
				CLANG_WARN_UNREACHABLE_CODE = YES;
				CLANG_WARN__DUPLICATE_METHOD_MATCH = YES;
				COPY_PHASE_STRIP = NO;
				DEBUG_INFORMATION_FORMAT = dwarf;
				ENABLE_STRICT_OBJC_MSGSEND = YES;
				ENABLE_TESTABILITY = YES;
				ENABLE_USER_SCRIPT_SANDBOXING = YES;
				GCC_C_LANGUAGE_STANDARD = gnu17;
				GCC_DYNAMIC_NO_PIC = NO;
				GCC_NO_COMMON_BLOCKS = YES;
				GCC_OPTIMIZATION_LEVEL = 0;
				GCC_PREPROCESSOR_DEFINITIONS = (
					"DEBUG=1",
					"$(inherited)",
				);
				GCC_WARN_64_TO_32_BIT_CONVERSION = YES;
				GCC_WARN_ABOUT_RETURN_TYPE = YES_ERROR;
				GCC_WARN_UNDECLARED_SELECTOR = YES;
				GCC_WARN_UNINITIALIZED_AUTOS = YES_AGGRESSIVE;
				GCC_WARN_UNUSED_FUNCTION = YES;
				GCC_WARN_UNUSED_VARIABLE = YES;
				IPHONEOS_DEPLOYMENT_TARGET = 17.0;
				LOCALIZATION_PREFERS_STRING_CATALOGS = YES;
				MTL_ENABLE_DEBUG_INFO = INCLUDE_SOURCE;
				MTL_FAST_MATH = YES;
				ONLY_ACTIVE_ARCH = YES;
				SDKROOT = iphoneos;
				SWIFT_ACTIVE_COMPILATION_CONDITIONS = "DEBUG $(inherited)";
				SWIFT_OPTIMIZATION_LEVEL = "-Onone";
			};
			name = Debug;
		};
		5C68704E2C8EDB96004A6A40 /* Release */ = {
			isa = XCBuildConfiguration;
			buildSettings = {
				ALWAYS_SEARCH_USER_PATHS = NO;
				ASSETCATALOG_COMPILER_GENERATE_SWIFT_ASSET_SYMBOL_EXTENSIONS = YES;
				CLANG_ANALYZER_NONNULL = YES;
				CLANG_ANALYZER_NUMBER_OBJECT_CONVERSION = YES_AGGRESSIVE;
				CLANG_CXX_LANGUAGE_STANDARD = "gnu++20";
				CLANG_ENABLE_MODULES = YES;
				CLANG_ENABLE_OBJC_ARC = YES;
				CLANG_ENABLE_OBJC_WEAK = YES;
				CLANG_WARN_BLOCK_CAPTURE_AUTORELEASING = YES;
				CLANG_WARN_BOOL_CONVERSION = YES;
				CLANG_WARN_COMMA = YES;
				CLANG_WARN_CONSTANT_CONVERSION = YES;
				CLANG_WARN_DEPRECATED_OBJC_IMPLEMENTATIONS = YES;
				CLANG_WARN_DIRECT_OBJC_ISA_USAGE = YES_ERROR;
				CLANG_WARN_DOCUMENTATION_COMMENTS = YES;
				CLANG_WARN_EMPTY_BODY = YES;
				CLANG_WARN_ENUM_CONVERSION = YES;
				CLANG_WARN_INFINITE_RECURSION = YES;
				CLANG_WARN_INT_CONVERSION = YES;
				CLANG_WARN_NON_LITERAL_NULL_CONVERSION = YES;
				CLANG_WARN_OBJC_IMPLICIT_RETAIN_SELF = YES;
				CLANG_WARN_OBJC_LITERAL_CONVERSION = YES;
				CLANG_WARN_OBJC_ROOT_CLASS = YES_ERROR;
				CLANG_WARN_QUOTED_INCLUDE_IN_FRAMEWORK_HEADER = YES;
				CLANG_WARN_RANGE_LOOP_ANALYSIS = YES;
				CLANG_WARN_STRICT_PROTOTYPES = YES;
				CLANG_WARN_SUSPICIOUS_MOVE = YES;
				CLANG_WARN_UNGUARDED_AVAILABILITY = YES_AGGRESSIVE;
				CLANG_WARN_UNREACHABLE_CODE = YES;
				CLANG_WARN__DUPLICATE_METHOD_MATCH = YES;
				COPY_PHASE_STRIP = NO;
				DEBUG_INFORMATION_FORMAT = "dwarf-with-dsym";
				ENABLE_NS_ASSERTIONS = NO;
				ENABLE_STRICT_OBJC_MSGSEND = YES;
				ENABLE_USER_SCRIPT_SANDBOXING = YES;
				GCC_C_LANGUAGE_STANDARD = gnu17;
				GCC_NO_COMMON_BLOCKS = YES;
				GCC_WARN_64_TO_32_BIT_CONVERSION = YES;
				GCC_WARN_ABOUT_RETURN_TYPE = YES_ERROR;
				GCC_WARN_UNDECLARED_SELECTOR = YES;
				GCC_WARN_UNINITIALIZED_AUTOS = YES_AGGRESSIVE;
				GCC_WARN_UNUSED_FUNCTION = YES;
				GCC_WARN_UNUSED_VARIABLE = YES;
				IPHONEOS_DEPLOYMENT_TARGET = 17.0;
				LOCALIZATION_PREFERS_STRING_CATALOGS = YES;
				MTL_ENABLE_DEBUG_INFO = NO;
				MTL_FAST_MATH = YES;
				SDKROOT = iphoneos;
				SWIFT_COMPILATION_MODE = wholemodule;
				VALIDATE_PRODUCT = YES;
			};
			name = Release;
		};
		5C6870502C8EDB96004A6A40 /* Debug */ = {
			isa = XCBuildConfiguration;
			buildSettings = {
				ASSETCATALOG_COMPILER_APPICON_NAME = AppIcon;
				ASSETCATALOG_COMPILER_GLOBAL_ACCENT_COLOR_NAME = AccentColor;
				CODE_SIGN_STYLE = Automatic;
				CURRENT_PROJECT_VERSION = 1;
				GENERATE_INFOPLIST_FILE = YES;
				INFOPLIST_FILE = WeatherApp/Info.plist;
				INFOPLIST_KEY_UIApplicationSupportsIndirectInputEvents = YES;
				INFOPLIST_KEY_UILaunchStoryboardName = LaunchScreen;
				INFOPLIST_KEY_UISupportedInterfaceOrientations_iPad = "UIInterfaceOrientationPortrait UIInterfaceOrientationPortraitUpsideDown UIInterfaceOrientationLandscapeLeft UIInterfaceOrientationLandscapeRight";
				INFOPLIST_KEY_UISupportedInterfaceOrientations_iPhone = "UIInterfaceOrientationPortrait UIInterfaceOrientationLandscapeLeft UIInterfaceOrientationLandscapeRight";
				IPHONEOS_DEPLOYMENT_TARGET = 15.0;
				LD_RUNPATH_SEARCH_PATHS = (
					"$(inherited)",
					"@executable_path/Frameworks",
				);
				MARKETING_VERSION = 1.0;
				PRODUCT_BUNDLE_IDENTIFIER = ru.SwiftWork.WeatherApp;
				PRODUCT_NAME = "$(TARGET_NAME)";
				SWIFT_EMIT_LOC_STRINGS = YES;
				SWIFT_VERSION = 5.0;
				TARGETED_DEVICE_FAMILY = "1,2";
			};
			name = Debug;
		};
		5C6870512C8EDB96004A6A40 /* Release */ = {
			isa = XCBuildConfiguration;
			buildSettings = {
				ASSETCATALOG_COMPILER_APPICON_NAME = AppIcon;
				ASSETCATALOG_COMPILER_GLOBAL_ACCENT_COLOR_NAME = AccentColor;
				CODE_SIGN_STYLE = Automatic;
				CURRENT_PROJECT_VERSION = 1;
				GENERATE_INFOPLIST_FILE = YES;
				INFOPLIST_FILE = WeatherApp/Info.plist;
				INFOPLIST_KEY_UIApplicationSupportsIndirectInputEvents = YES;
				INFOPLIST_KEY_UILaunchStoryboardName = LaunchScreen;
				INFOPLIST_KEY_UISupportedInterfaceOrientations_iPad = "UIInterfaceOrientationPortrait UIInterfaceOrientationPortraitUpsideDown UIInterfaceOrientationLandscapeLeft UIInterfaceOrientationLandscapeRight";
				INFOPLIST_KEY_UISupportedInterfaceOrientations_iPhone = "UIInterfaceOrientationPortrait UIInterfaceOrientationLandscapeLeft UIInterfaceOrientationLandscapeRight";
				IPHONEOS_DEPLOYMENT_TARGET = 15.0;
				LD_RUNPATH_SEARCH_PATHS = (
					"$(inherited)",
					"@executable_path/Frameworks",
				);
				MARKETING_VERSION = 1.0;
				PRODUCT_BUNDLE_IDENTIFIER = ru.SwiftWork.WeatherApp;
				PRODUCT_NAME = "$(TARGET_NAME)";
				SWIFT_EMIT_LOC_STRINGS = YES;
				SWIFT_VERSION = 5.0;
				TARGETED_DEVICE_FAMILY = "1,2";
			};
			name = Release;
		};
/* End XCBuildConfiguration section */

/* Begin XCConfigurationList section */
		5C6870362C8EDB95004A6A40 /* Build configuration list for PBXProject "WeatherApp" */ = {
			isa = XCConfigurationList;
			buildConfigurations = (
				5C68704D2C8EDB96004A6A40 /* Debug */,
				5C68704E2C8EDB96004A6A40 /* Release */,
			);
			defaultConfigurationIsVisible = 0;
			defaultConfigurationName = Release;
		};
		5C68704F2C8EDB96004A6A40 /* Build configuration list for PBXNativeTarget "WeatherApp" */ = {
			isa = XCConfigurationList;
			buildConfigurations = (
				5C6870502C8EDB96004A6A40 /* Debug */,
				5C6870512C8EDB96004A6A40 /* Release */,
			);
			defaultConfigurationIsVisible = 0;
			defaultConfigurationName = Release;
		};
/* End XCConfigurationList section */
	};
	rootObject = 5C6870332C8EDB95004A6A40 /* Project object */;
}
